
Microsoft Visual Studio Solution File, Format Version 12.00
# Visual Studio Version 16
VisualStudioVersion = 16.0.29102.190
MinimumVisualStudioVersion = 10.0.40219.1
Project("{9A19103F-16F7-4668-BE54-9A1E7A4F7556}") = "CRM_ASP", "CRM_ASP\CRM_ASP.csproj", "{BDC531FB-5B56-434C-BC35-3D3B622D7A45}"
EndProject
Project("{9A19103F-16F7-4668-BE54-9A1E7A4F7556}") = "CRM_MODEL_LIB", "CRM_MODEL_LIB\CRM_MODEL_LIB.csproj", "{C9850F66-B1DE-4C2F-A70B-F092144C44C4}"
EndProject
Global
	GlobalSection(SolutionConfigurationPlatforms) = preSolution
		Debug|Any CPU = Debug|Any CPU
		Release|Any CPU = Release|Any CPU
	EndGlobalSection
	GlobalSection(ProjectConfigurationPlatforms) = postSolution
		{BDC531FB-5B56-434C-BC35-3D3B622D7A45}.Debug|Any CPU.ActiveCfg = Debug|Any CPU
		{BDC531FB-5B56-434C-BC35-3D3B622D7A45}.Debug|Any CPU.Build.0 = Debug|Any CPU
		{BDC531FB-5B56-434C-BC35-3D3B622D7A45}.Release|Any CPU.ActiveCfg = Release|Any CPU
		{BDC531FB-5B56-434C-BC35-3D3B622D7A45}.Release|Any CPU.Build.0 = Release|Any CPU
		{C9850F66-B1DE-4C2F-A70B-F092144C44C4}.Debug|Any CPU.ActiveCfg = Debug|Any CPU
		{C9850F66-B1DE-4C2F-A70B-F092144C44C4}.Debug|Any CPU.Build.0 = Debug|Any CPU
		{C9850F66-B1DE-4C2F-A70B-F092144C44C4}.Release|Any CPU.ActiveCfg = Release|Any CPU
		{C9850F66-B1DE-4C2F-A70B-F092144C44C4}.Release|Any CPU.Build.0 = Release|Any CPU
	EndGlobalSection
	GlobalSection(SolutionProperties) = preSolution
		HideSolutionNode = FALSE
	EndGlobalSection
	GlobalSection(ExtensibilityGlobals) = postSolution
		SolutionGuid = {10A69A23-F22B-4E1E-8AD9-3BBAE395C430}
	EndGlobalSection
EndGlobal
